version = 1
revision = 3
requires-python = "==3.10.12"

[[package]]
name = "annotated-types"
version = "0.7.0"
source = { registry = "https://mirrors.volces.com/pypi/simple/" }
sdist = { url = "https://mirrors.volces.com/pypi/packages/ee/67/531ea369ba64dcff5ec9c3402f9f51bf748cec26dde048a2f973a4eea7f5/annotated_types-0.7.0.tar.gz", hash = "sha256:aff07c09a53a08bc8cfccb9c85b05f1aa9a2a6f23728d790723543408344ce89" }
wheels = [
    { url = "https://mirrors.volces.com/pypi/packages/78/b6/6307fbef88d9b5ee7421e68d78a9f162e0da4900bc5f5793f6d3d0e34fb8/annotated_types-0.7.0-py3-none-any.whl", hash = "sha256:1f02e8b43a8fbbc3f3e0d4f0f4bfc8131bcb4eebe8849b8e5c773f3a1c582a53" },
]

[[package]]
name = "anyio"
version = "4.13.0"
source = { registry = "https://mirrors.volces.com/pypi/simple/" }
dependencies = [
    { name = "exceptiongroup" },
    { name = "idna" },
    { name = "typing-extensions" },
]
sdist = { url = "https://mirrors.volces.com/pypi/packages/19/14/2c5dd9f512b66549ae92767a9c7b330ae88e1932ca57876909410251fe13/anyio-4.13.0.tar.gz", hash = "sha256:334b70e641fd2221c1505b3890c69882fe4a2df910cba14d97019b90b24439dc" }
wheels = [
    { url = "https://mirrors.volces.com/pypi/packages/da/42/e921fccf5015463e32a3cf6ee7f980a6ed0f395ceeaa45060b61d86486c2/anyio-4.13.0-py3-none-any.whl", hash = "sha256:08b310f9e24a9594186fd75b4f73f4a4152069e3853f1ed8bfbf58369f4ad708" },
]

[[package]]
name = "certifi"
version = "2026.4.22"
source = { registry = "https://mirrors.volces.com/pypi/simple/" }
sdist = { url = "https://mirrors.volces.com/pypi/packages/25/ee/6caf7a40c36a1220410afe15a1cc64993a1f864871f698c0f93acb72842a/certifi-2026.4.22.tar.gz", hash = "sha256:8d455352a37b71bf76a79caa83a3d6c25afee4a385d632127b6afb3963f1c580" }
wheels = [
    { url = "https://mirrors.volces.com/pypi/packages/22/30/7cd8fdcdfbc5b869528b079bfb76dcdf6056b1a2097a662e5e8c04f42965/certifi-2026.4.22-py3-none-any.whl", hash = "sha256:3cb2210c8f88ba2318d29b0388d1023c8492ff72ecdde4ebdaddbb13a31b1c4a" },
]

[[package]]
name = "colorama"
version = "0.4.6"
source = { registry = "https://mirrors.volces.com/pypi/simple/" }
sdist = { url = "https://mirrors.volces.com/pypi/packages/d8/53/6f443c9a4a8358a93a6792e2acffb9d9d5cb0a5cfd8802644b7b1c9a02e4/colorama-0.4.6.tar.gz", hash = "sha256:08695f5cb7ed6e0531a20572697297273c47b8cae5a63ffc6d6ed5c201be6e44" }
wheels = [
    { url = "https://mirrors.volces.com/pypi/packages/d1/d6/3965ed04c63042e047cb6a3e6ed1a63a35087b6a609aa3a15ed8ac56c221/colorama-0.4.6-py2.py3-none-any.whl", hash = "sha256:4f1d9991f5acc0ca119f9d443620b77f9d6b33703e51011c16baf57afb285fc6" },
]

[[package]]
name = "distro"
version = "1.9.0"
source = { registry = "https://mirrors.volces.com/pypi/simple/" }
sdist = { url = "https://mirrors.volces.com/pypi/packages/fc/f8/98eea607f65de6527f8a2e8885fc8015d3e6f5775df186e443e0964a11c3/distro-1.9.0.tar.gz", hash = "sha256:2fa77c6fd8940f116ee1d6b94a2f90b13b5ea8d019b98bc8bafdcabcdd9bdbed" }
wheels = [
    { url = "https://mirrors.volces.com/pypi/packages/12/b3/231ffd4ab1fc9d679809f356cebee130ac7daa00d6d6f3206dd4fd137e9e/distro-1.9.0-py3-none-any.whl", hash = "sha256:7bffd925d65168f85027d8da9af6bddab658135b840670a223589bc0c8ef02b2" },
]

[[package]]
name = "exceptiongroup"
version = "1.3.1"
source = { registry = "https://mirrors.volces.com/pypi/simple/" }
dependencies = [
    { name = "typing-extensions" },
]
sdist = { url = "https://mirrors.volces.com/pypi/packages/50/79/66800aadf48771f6b62f7eb014e352e5d06856655206165d775e675a02c9/exceptiongroup-1.3.1.tar.gz", hash = "sha256:8b412432c6055b0b7d14c310000ae93352ed6754f70fa8f7c34141f91c4e3219" }
wheels = [
    { url = "https://mirrors.volces.com/pypi/packages/8a/0e/97c33bf5009bdbac74fd2beace167cab3f978feb69cc36f1ef79360d6c4e/exceptiongroup-1.3.1-py3-none-any.whl", hash = "sha256:a7a39a3bd276781e98394987d3a5701d0c4edffb633bb7a5144577f82c773598" },
]

[[package]]
name = "h11"
version = "0.16.0"
source = { registry = "https://mirrors.volces.com/pypi/simple/" }
sdist = { url = "https://mirrors.volces.com/pypi/packages/01/ee/02a2c011bdab74c6fb3c75474d40b3052059d95df7e73351460c8588d963/h11-0.16.0.tar.gz", hash = "sha256:4e35b956cf45792e4caa5885e69fba00bdbc6ffafbfa020300e549b208ee5ff1" }
wheels = [
    { url = "https://mirrors.volces.com/pypi/packages/04/4b/29cac41a4d98d144bf5f6d33995617b185d14b22401f75ca86f384e87ff1/h11-0.16.0-py3-none-any.whl", hash = "sha256:63cf8bbe7522de3bf65932fda1d9c2772064ffb3dae62d55932da54b31cb6c86" },
]

[[package]]
name = "httpcore"
version = "1.0.9"
source = { registry = "https://mirrors.volces.com/pypi/simple/" }
dependencies = [
    { name = "certifi" },
    { name = "h11" },
]
sdist = { url = "https://mirrors.volces.com/pypi/packages/06/94/82699a10bca87a5556c9c59b5963f2d039dbd239f25bc2a63907a05a14cb/httpcore-1.0.9.tar.gz", hash = "sha256:6e34463af53fd2ab5d807f399a9b45ea31c3dfa2276f15a2c3f00afff6e176e8" }
wheels = [
    { url = "https://mirrors.volces.com/pypi/packages/7e/f5/f66802a942d491edb555dd61e3a9961140fd64c90bce1eafd741609d334d/httpcore-1.0.9-py3-none-any.whl", hash = "sha256:2d400746a40668fc9dec9810239072b40b4484b640a8c38fd654a024c7a1bf55" },
]

[[package]]
name = "httpx"
version = "0.28.1"
source = { registry = "https://mirrors.volces.com/pypi/simple/" }
dependencies = [
    { name = "anyio" },
    { name = "certifi" },
    { name = "httpcore" },
    { name = "idna" },
]
sdist = { url = "https://mirrors.volces.com/pypi/packages/b1/df/48c586a5fe32a0f01324ee087459e112ebb7224f646c0b5023f5e79e9956/httpx-0.28.1.tar.gz", hash = "sha256:75e98c5f16b0f35b567856f597f06ff2270a374470a5c2392242528e3e3e42fc" }
wheels = [
    { url = "https://mirrors.volces.com/pypi/packages/2a/39/e50c7c3a983047577ee07d2a9e53faf5a69493943ec3f6a384bdc792deb2/httpx-0.28.1-py3-none-any.whl", hash = "sha256:d909fcccc110f8c7faf814ca82a9a4d816bc5a6dbfea25d6591d6985b8ba59ad" },
]

[[package]]
name = "idna"
version = "3.13"
source = { registry = "https://mirrors.volces.com/pypi/simple/" }
sdist = { url = "https://mirrors.volces.com/pypi/packages/ce/cc/762dfb036166873f0059f3b7de4565e1b5bc3d6f28a414c13da27e442f99/idna-3.13.tar.gz", hash = "sha256:585ea8fe5d69b9181ec1afba340451fba6ba764af97026f92a91d4eef164a242" }
wheels = [
    { url = "https://mirrors.volces.com/pypi/packages/5d/13/ad7d7ca3808a898b4612b6fe93cde56b53f3034dcde235acb1f0e1df24c6/idna-3.13-py3-none-any.whl", hash = "sha256:892ea0cde124a99ce773decba204c5552b69c3c67ffd5f232eb7696135bc8bb3" },
]

[[package]]
name = "jiter"
version = "0.14.0"
source = { registry = "https://mirrors.volces.com/pypi/simple/" }
sdist = { url = "https://mirrors.volces.com/pypi/packages/6e/c1/0cddc6eb17d4c53a99840953f95dd3accdc5cfc7a337b0e9b26476276be9/jiter-0.14.0.tar.gz", hash = "sha256:e8a39e66dac7153cf3f964a12aad515afa8d74938ec5cc0018adcdae5367c79e" }
wheels = [
    { url = "https://mirrors.volces.com/pypi/packages/64/2e/a9959997739c403378d0a4a3a1c4ed80b60aeace216c4d37b303a9fc60a4/jiter-0.14.0-cp310-cp310-macosx_10_12_x86_64.whl", hash = "sha256:02f36a5c700f105ac04a6556fe664a59037a2c200db3b7e88784fac2ddf02531" },
    { url = "https://mirrors.volces.com/pypi/packages/27/72/b6de8a531e0adbadd839bec301165feb1fccf00e9ff55073ba2dd20f0043/jiter-0.14.0-cp310-cp310-macosx_11_0_arm64.whl", hash = "sha256:41eab6c09ceffb6f0fe25e214b3068146edb1eda3649ca2aee2a061029c7ba2e" },
    { url = "https://mirrors.volces.com/pypi/packages/db/d8/2040b9efa13c917f855c40890ae4119fe02c25b7c7677d5b4fa820a851fc/jiter-0.14.0-cp310-cp310-manylinux_2_17_aarch64.manylinux2014_aarch64.whl", hash = "sha256:5cf4d4c109641f9cfaf4a7b6aebd51654e405cd00fa9ebbf87163b8b97b325aa" },
    { url = "https://mirrors.volces.com/pypi/packages/49/62/655c0ad5ce6a8e90f9068c175b8a236877d753e460762b3183c136db1c5b/jiter-0.14.0-cp310-cp310-manylinux_2_17_armv7l.manylinux2014_armv7l.whl", hash = "sha256:b80c7b41a628e6be2213ad0ece763c5f88aa5ee003fa394d58acaaee1f4b8342" },
    { url = "https://mirrors.volces.com/pypi/packages/f1/66/549c40fa068f08710b7570869c306a051eb67a29758bd64f4114f730554c/jiter-0.14.0-cp310-cp310-manylinux_2_17_ppc64le.manylinux2014_ppc64le.whl", hash = "sha256:fb3dbf7cc0d4dbe73cce307ebe7eefa7f73a7d3d854dd119ea0c243f03e40927" },
    { url = "https://mirrors.volces.com/pypi/packages/25/2f/97a32a05fed14ed58a18e181fdfb619e05163f3726b54ee6080ec0539c09/jiter-0.14.0-cp310-cp310-manylinux_2_17_s390x.manylinux2014_s390x.whl", hash = "sha256:7054adcdeb06b46efd17b5734f75817a44a2d06d3748e36c3a023a1bb52af9ec" },
    { url = "https://mirrors.volces.com/pypi/packages/2a/3b/4347e1d6c2a973d653bbb7a2d671a2d2426e54b52ba735b8ff0d0a29b75c/jiter-0.14.0-cp310-cp310-manylinux_2_17_x86_64.manylinux2014_x86_64.whl", hash = "sha256:d597cd1bf6790376f3fffc7c708766e57301d99a19314824ea0ccc9c3c70e1e2" },
    { url = "https://mirrors.volces.com/pypi/packages/ef/24/ca452fbf2ea33548ed30ce68a39a50442d3f7c9bf0704a7af958a930c057/jiter-0.14.0-cp310-cp310-manylinux_2_31_riscv64.whl", hash = "sha256:df63a14878da754427926281626fd3ee249424a186e25a274e78176d42945264" },
    { url = "https://mirrors.volces.com/pypi/packages/e3/a3/94470a0d199287caabeb4da2bb2ae5f6d17f3cf05dfc975d7cb064d58e0f/jiter-0.14.0-cp310-cp310-manylinux_2_5_i686.manylinux1_i686.whl", hash = "sha256:4ea73187627bcc5810e085df715e8a99da8bdfd96a7eb36b4b4df700ba6d4c9c" },
    { url = "https://mirrors.volces.com/pypi/packages/cf/71/6768edc09d7c45c39f093feb3de105fa718a3e982b5208b8a2ed6382b44b/jiter-0.14.0-cp310-cp310-musllinux_1_1_aarch64.whl", hash = "sha256:9f541eaf7bb8382367a1a23d6fc3d6aad57f8dd8c18c3c17f838bee20f217220" },
    { url = "https://mirrors.volces.com/pypi/packages/3d/6b/5c2e17559a0f4e96e934479f7137df46c939e983fa05244e674815befb73/jiter-0.14.0-cp310-cp310-musllinux_1_1_x86_64.whl", hash = "sha256:107465250de4fce00fdb47166bcd51df8e634e049541174fe3c71848e44f52ce" },
    { url = "https://mirrors.volces.com/pypi/packages/b1/83/c25f3556a60fc74d11199100f1b6cc0c006b815c8494dea8ca16fe398732/jiter-0.14.0-cp310-cp310-win32.whl", hash = "sha256:ffb2a08a406465bb076b7cc1df41d833106d3cf7905076cc73f0cb90078c7d10" },
    { url = "https://mirrors.volces.com/pypi/packages/2e/99/781a1b413f0989b7f2ea203b094b331685f1a35e52e0a45e5d000ecaab27/jiter-0.14.0-cp310-cp310-win_amd64.whl", hash = "sha256:cb8b682d10cb0cce7ff4c1af7244af7022c9b01ae16d46c357bdd0df13afb25d" },
]

[[package]]
name = "mlsys-phase2"
version = "0.1.0"
source = { virtual = "." }
dependencies = [
    { name = "openai" },
    { name = "python-dotenv" },
    { name = "tzdata" },
]

[package.metadata]
requires-dist = [
    { name = "openai" },
    { name = "python-dotenv" },
    { name = "tzdata" },
]

[[package]]
name = "openai"
version = "2.33.0"
source = { registry = "https://mirrors.volces.com/pypi/simple/" }
dependencies = [
    { name = "anyio" },
    { name = "distro" },
    { name = "httpx" },
    { name = "jiter" },
    { name = "pydantic" },
    { name = "sniffio" },
    { name = "tqdm" },
    { name = "typing-extensions" },
]
sdist = { url = "https://mirrors.volces.com/pypi/packages/f0/ee/d056c82f63c05f06baac0cffb4a90952d8274f90c49dfe244f20497b9bbd/openai-2.33.0.tar.gz", hash = "sha256:f850c435e2a4685bba3295bd54912dd26315d9c1b7733068186134d6e0599f9a" }
wheels = [
    { url = "https://mirrors.volces.com/pypi/packages/7d/32/37734d769bc8b42e4938785313cc05aade6cb0fa72479d3220a0d61a4e78/openai-2.33.0-py3-none-any.whl", hash = "sha256:03ac37d70e8c9e3a8124214e3afa785e2cbc12e627fbd98177a086ef2fd87ad5" },
]

[[package]]
name = "pydantic"
version = "2.13.3"
source = { registry = "https://mirrors.volces.com/pypi/simple/" }
dependencies = [
    { name = "annotated-types" },
    { name = "pydantic-core" },
    { name = "typing-extensions" },
    { name = "typing-inspection" },
]
sdist = { url = "https://mirrors.volces.com/pypi/packages/d9/e4/40d09941a2cebcb20609b86a559817d5b9291c49dd6f8c87e5feffbe703a/pydantic-2.13.3.tar.gz", hash = "sha256:af09e9d1d09f4e7fe37145c1f577e1d61ceb9a41924bf0094a36506285d0a84d" }
wheels = [
    { url = "https://mirrors.volces.com/pypi/packages/f3/0a/fd7d723f8f8153418fb40cf9c940e82004fce7e987026b08a68a36dd3fe7/pydantic-2.13.3-py3-none-any.whl", hash = "sha256:6db14ac8dfc9a1e57f87ea2c0de670c251240f43cb0c30a5130e9720dc612927" },
]

[[package]]
name = "pydantic-core"
version = "2.46.3"
source = { registry = "https://mirrors.volces.com/pypi/simple/" }
dependencies = [
    { name = "typing-extensions" },
]
sdist = { url = "https://mirrors.volces.com/pypi/packages/2a/ef/f7abb56c49382a246fd2ce9c799691e3c3e7175ec74b14d99e798bcddb1a/pydantic_core-2.46.3.tar.gz", hash = "sha256:41c178f65b8c29807239d47e6050262eb6bf84eb695e41101e62e38df4a5bc2c" }
wheels = [
    { url = "https://mirrors.volces.com/pypi/packages/22/98/b50eb9a411e87483b5c65dba4fa430a06bac4234d3403a40e5a9905ebcd0/pydantic_core-2.46.3-cp310-cp310-macosx_10_12_x86_64.whl", hash = "sha256:1da3786b8018e60349680720158cc19161cc3b4bdd815beb0a321cd5ce1ad5b1" },
    { url = "https://mirrors.volces.com/pypi/packages/08/4b/f364b9d161718ff2217160a4b5d41ce38de60aed91c3689ebffa1c939d23/pydantic_core-2.46.3-cp310-cp310-macosx_11_0_arm64.whl", hash = "sha256:cc0988cb29d21bf4a9d5cf2ef970b5c0e38d8d8e107a493278c05dc6c1dda69f" },
    { url = "https://mirrors.volces.com/pypi/packages/8f/8b/30bd03ee83b2f5e29f5ba8e647ab3c456bf56f2ec72fdbcc0215484a0854/pydantic_core-2.46.3-cp310-cp310-manylinux_2_17_aarch64.manylinux2014_aarch64.whl", hash = "sha256:27f9067c3bfadd04c55484b89c0d267981b2f3512850f6f66e1e74204a4e4ce3" },
    { url = "https://mirrors.volces.com/pypi/packages/3c/54/13ccf954d84ec275d5d023d5786e4aa48840bc9f161f2838dc98e1153518/pydantic_core-2.46.3-cp310-cp310-manylinux_2_17_armv7l.manylinux2014_armv7l.whl", hash = "sha256:a642ac886ecf6402d9882d10c405dcf4b902abeb2972cd5fb4a48c83cd59279a" },
    { url = "https://mirrors.volces.com/pypi/packages/be/0e/65f38125e660fdbd72aa858e7dfae893645cfa0e7b13d333e174a367cd23/pydantic_core-2.46.3-cp310-cp310-manylinux_2_17_ppc64le.manylinux2014_ppc64le.whl", hash = "sha256:79f561438481f28681584b89e2effb22855e2179880314bcddbf5968e935e807" },
    { url = "https://mirrors.volces.com/pypi/packages/d1/88/f3ab7739efe0e7e80777dbb84c59eb98518e3f57ea433206194c2e425272/pydantic_core-2.46.3-cp310-cp310-manylinux_2_17_s390x.manylinux2014_s390x.whl", hash = "sha256:57a973eae4665352a47cf1a99b4ee864620f2fe663a217d7a8da68a1f3a5bfda" },
    { url = "https://mirrors.volces.com/pypi/packages/2a/6d/c228219080817bec4982f9531cadb18da6aaa770fdeb114f49c237ac2c9f/pydantic_core-2.46.3-cp310-cp310-manylinux_2_17_x86_64.manylinux2014_x86_64.whl", hash = "sha256:83d002b97072a53ea150d63e0a3adfae5670cef5aa8a6e490240e482d3b22e57" },
    { url = "https://mirrors.volces.com/pypi/packages/0f/b1/525a16711e7c6d61635fac3b0bd54600b5c5d9f60c6fc5aaab26b64a2297/pydantic_core-2.46.3-cp310-cp310-manylinux_2_31_riscv64.whl", hash = "sha256:b40ddd51e7c44b28cfaef746c9d3c506d658885e0a46f9eeef2ee815cbf8e045" },
    { url = "https://mirrors.volces.com/pypi/packages/ef/7c/17d30673351439a6951bf54f564cf2443ab00ae264ec9df00e2efd710eb5/pydantic_core-2.46.3-cp310-cp310-manylinux_2_5_i686.manylinux1_i686.whl", hash = "sha256:ac5ec7fb9b87f04ee839af2d53bcadea57ded7d229719f56c0ed895bff987943" },
    { url = "https://mirrors.volces.com/pypi/packages/86/66/af8adbcbc0886ead7f1a116606a534d75a307e71e6e08226000d51b880d2/pydantic_core-2.46.3-cp310-cp310-musllinux_1_1_aarch64.whl", hash = "sha256:a3b11c812f61b3129c4905781a2601dfdfdea5fe1e6c1cfb696b55d14e9c054f" },
    { url = "https://mirrors.volces.com/pypi/packages/b0/37/6de71e0f54c54a4190010f57deb749e1ddf75c568ada3b1320b70067f121/pydantic_core-2.46.3-cp310-cp310-musllinux_1_1_armv7l.whl", hash = "sha256:1108da631e602e5b3c38d6d04fe5bb3bfa54349e6918e3ca6cf570b2e2b2f9d4" },
    { url = "https://mirrors.volces.com/pypi/packages/51/b1/9fc74ce94f603d5ef59ff258ca9c2c8fb902fb548d340a96f77f4d1c3b7f/pydantic_core-2.46.3-cp310-cp310-musllinux_1_1_x86_64.whl", hash = "sha256:de885175515bcfa98ae618c1df7a072f13d179f81376c8007112af20567fd08a" },
    { url = "https://mirrors.volces.com/pypi/packages/40/d0/4c652fc592db35f100279ee751d5a145aca1b9a7984b9684ba7c1b5b0535/pydantic_core-2.46.3-cp310-cp310-win32.whl", hash = "sha256:d11058e3201527d41bc6b545c79187c9e4bf85e15a236a6007f0e991518882b7" },
    { url = "https://mirrors.volces.com/pypi/packages/27/b8/a920453c38afbe1f355e1ea0b0d94a0a3e0b0879d32d793108755fa171d5/pydantic_core-2.46.3-cp310-cp310-win_amd64.whl", hash = "sha256:3612edf65c8ea67ac13616c4d23af12faef1ae435a8a93e5934c2a0cbbdd1fd6" },
]

[[package]]
name = "python-dotenv"
version = "1.2.2"
source = { registry = "https://mirrors.volces.com/pypi/simple/" }
sdist = { url = "https://mirrors.volces.com/pypi/packages/82/ed/0301aeeac3e5353ef3d94b6ec08bbcabd04a72018415dcb29e588514bba8/python_dotenv-1.2.2.tar.gz", hash = "sha256:2c371a91fbd7ba082c2c1dc1f8bf89ca22564a087c2c287cd9b662adde799cf3" }
wheels = [
    { url = "https://mirrors.volces.com/pypi/packages/0b/d7/1959b9648791274998a9c3526f6d0ec8fd2233e4d4acce81bbae76b44b2a/python_dotenv-1.2.2-py3-none-any.whl", hash = "sha256:1d8214789a24de455a8b8bd8ae6fe3c6b69a5e3d64aa8a8e5d68e694bbcb285a" },
]

[[package]]
name = "sniffio"
version = "1.3.1"
source = { registry = "https://mirrors.volces.com/pypi/simple/" }
sdist = { url = "https://mirrors.volces.com/pypi/packages/a2/87/a6771e1546d97e7e041b6ae58d80074f81b7d5121207425c964ddf5cfdbd/sniffio-1.3.1.tar.gz", hash = "sha256:f4324edc670a0f49750a81b895f35c3adb843cca46f0530f79fc1babb23789dc" }
wheels = [
    { url = "https://mirrors.volces.com/pypi/packages/e9/44/75a9c9421471a6c4805dbf2356f7c181a29c1879239abab1ea2cc8f38b40/sniffio-1.3.1-py3-none-any.whl", hash = "sha256:2f6da418d1f1e0fddd844478f41680e794e6051915791a034ff65e5f100525a2" },
]

[[package]]
name = "tqdm"
version = "4.67.3"
source = { registry = "https://mirrors.volces.com/pypi/simple/" }
dependencies = [
    { name = "colorama", marker = "sys_platform == 'win32'" },
]
sdist = { url = "https://mirrors.volces.com/pypi/packages/09/a9/6ba95a270c6f1fbcd8dac228323f2777d886cb206987444e4bce66338dd4/tqdm-4.67.3.tar.gz", hash = "sha256:7d825f03f89244ef73f1d4ce193cb1774a8179fd96f31d7e1dcde62092b960bb" }
wheels = [
    { url = "https://mirrors.volces.com/pypi/packages/16/e1/3079a9ff9b8e11b846c6ac5c8b5bfb7ff225eee721825310c91b3b50304f/tqdm-4.67.3-py3-none-any.whl", hash = "sha256:ee1e4c0e59148062281c49d80b25b67771a127c85fc9676d3be5f243206826bf" },
]

[[package]]
name = "typing-extensions"
version = "4.15.0"
source = { registry = "https://mirrors.volces.com/pypi/simple/" }
sdist = { url = "https://mirrors.volces.com/pypi/packages/72/94/1a15dd82efb362ac84269196e94cf00f187f7ed21c242792a923cdb1c61f/typing_extensions-4.15.0.tar.gz", hash = "sha256:0cea48d173cc12fa28ecabc3b837ea3cf6f38c6d1136f85cbaaf598984861466" }
wheels = [
    { url = "https://mirrors.volces.com/pypi/packages/18/67/36e9267722cc04a6b9f15c7f3441c2363321a3ea07da7ae0c0707beb2a9c/typing_extensions-4.15.0-py3-none-any.whl", hash = "sha256:f0fa19c6845758ab08074a0cfa8b7aecb71c999ca73d62883bc25cc018c4e548" },
]

[[package]]
name = "typing-inspection"
version = "0.4.2"
source = { registry = "https://mirrors.volces.com/pypi/simple/" }
dependencies = [
    { name = "typing-extensions" },
]
sdist = { url = "https://mirrors.volces.com/pypi/packages/55/e3/70399cb7dd41c10ac53367ae42139cf4b1ca5f36bb3dc6c9d33acdb43655/typing_inspection-0.4.2.tar.gz", hash = "sha256:ba561c48a67c5958007083d386c3295464928b01faa735ab8547c5692e87f464" }
wheels = [
    { url = "https://mirrors.volces.com/pypi/packages/dc/9b/47798a6c91d8bdb567fe2698fe81e0c6b7cb7ef4d13da4114b41d239f65d/typing_inspection-0.4.2-py3-none-any.whl", hash = "sha256:4ed1cacbdc298c220f1bd249ed5287caa16f34d44ef4e9c3d0cbad5b521545e7" },
]

[[package]]
name = "tzdata"
version = "2026.2"
source = { registry = "https://mirrors.volces.com/pypi/simple/" }
sdist = { url = "https://mirrors.volces.com/pypi/packages/ba/19/1b9b0e29f30c6d35cb345486df41110984ea67ae69dddbc0e8a100999493/tzdata-2026.2.tar.gz", hash = "sha256:9173fde7d80d9018e02a662e168e5a2d04f87c41ea174b139fbef642eda62d10" }
wheels = [
    { url = "https://mirrors.volces.com/pypi/packages/ce/e4/dccd7f47c4b64213ac01ef921a1337ee6e30e8c6466046018326977efd95/tzdata-2026.2-py2.py3-none-any.whl", hash = "sha256:bbe9af844f658da81a5f95019480da3a89415801f6cc966806612cc7169bffe7" },
]
